// !$*UTF8*$!
{
	archiveVersion = 1;
	classes = {
	};
	objectVersion = 46;
	objects = {

/* Begin PBXBuildFile section */
		3C07553918F28CF0001948A3 /* ZYTimerViewController.m in Sources */ = {isa = PBXBuildFile; fileRef = 3C07553718F28CF0001948A3 /* ZYTimerViewController.m */; };
		3C07553A18F28CF0001948A3 /* ZYTimerViewController.xib in Resources */ = {isa = PBXBuildFile; fileRef = 3C07553818F28CF0001948A3 /* ZYTimerViewController.xib */; };
		3C07553E18F28D06001948A3 /* ZYThreadViewController.m in Sources */ = {isa = PBXBuildFile; fileRef = 3C07553C18F28D06001948A3 /* ZYThreadViewController.m */; };
		3C07553F18F28D06001948A3 /* ZYThreadViewController.xib in Resources */ = {isa = PBXBuildFile; fileRef = 3C07553D18F28D06001948A3 /* ZYThreadViewController.xib */; };
		3C1BE89F18EA843A0048EA81 /* Foundation.framework in Frameworks */ = {isa = PBXBuildFile; fileRef = 3C1BE89E18EA843A0048EA81 /* Foundation.framework */; };
		3C1BE8A118EA843A0048EA81 /* CoreGraphics.framework in Frameworks */ = {isa = PBXBuildFile; fileRef = 3C1BE8A018EA843A0048EA81 /* CoreGraphics.framework */; };
		3C1BE8A318EA843A0048EA81 /* UIKit.framework in Frameworks */ = {isa = PBXBuildFile; fileRef = 3C1BE8A218EA843A0048EA81 /* UIKit.framework */; };
		3C1BE8A918EA843A0048EA81 /* InfoPlist.strings in Resources */ = {isa = PBXBuildFile; fileRef = 3C1BE8A718EA843A0048EA81 /* InfoPlist.strings */; };
		3C1BE8AB18EA843A0048EA81 /* main.m in Sources */ = {isa = PBXBuildFile; fileRef = 3C1BE8AA18EA843A0048EA81 /* main.m */; };
		3C1BE8AF18EA843A0048EA81 /* zyAppDelegate.m in Sources */ = {isa = PBXBuildFile; fileRef = 3C1BE8AE18EA843A0048EA81 /* zyAppDelegate.m */; };
		3C1BE8B118EA843A0048EA81 /* Images.xcassets in Resources */ = {isa = PBXBuildFile; fileRef = 3C1BE8B018EA843A0048EA81 /* Images.xcassets */; };
		3C1BE8B818EA843A0048EA81 /* XCTest.framework in Frameworks */ = {isa = PBXBuildFile; fileRef = 3C1BE8B718EA843A0048EA81 /* XCTest.framework */; };
		3C1BE8B918EA843A0048EA81 /* Foundation.framework in Frameworks */ = {isa = PBXBuildFile; fileRef = 3C1BE89E18EA843A0048EA81 /* Foundation.framework */; };
		3C1BE8BA18EA843A0048EA81 /* UIKit.framework in Frameworks */ = {isa = PBXBuildFile; fileRef = 3C1BE8A218EA843A0048EA81 /* UIKit.framework */; };
		3C1BE8C218EA843A0048EA81 /* InfoPlist.strings in Resources */ = {isa = PBXBuildFile; fileRef = 3C1BE8C018EA843A0048EA81 /* InfoPlist.strings */; };
		3C1BE8C418EA843A0048EA81 /* ZYUIProjectTests.m in Sources */ = {isa = PBXBuildFile; fileRef = 3C1BE8C318EA843A0048EA81 /* ZYUIProjectTests.m */; };
		3C1BE8D018EA86840048EA81 /* WidgetViewController.m in Sources */ = {isa = PBXBuildFile; fileRef = 3C1BE8CE18EA86840048EA81 /* WidgetViewController.m */; };
		3C1BE8D118EA86840048EA81 /* WidgetViewController.xib in Resources */ = {isa = PBXBuildFile; fileRef = 3C1BE8CF18EA86840048EA81 /* WidgetViewController.xib */; };
		3C1BE8D518EA88A10048EA81 /* AnimationViewController.m in Sources */ = {isa = PBXBuildFile; fileRef = 3C1BE8D318EA88A10048EA81 /* AnimationViewController.m */; };
		3C1BE8D618EA88A10048EA81 /* AnimationViewController.xib in Resources */ = {isa = PBXBuildFile; fileRef = 3C1BE8D418EA88A10048EA81 /* AnimationViewController.xib */; };
		3C1BE8D918EA896C0048EA81 /* ZYNavigationController.m in Sources */ = {isa = PBXBuildFile; fileRef = 3C1BE8D818EA896C0048EA81 /* ZYNavigationController.m */; };
		3C1BE8DE18EAA11A0048EA81 /* ZYButtonViewController.m in Sources */ = {isa = PBXBuildFile; fileRef = 3C1BE8DC18EAA11A0048EA81 /* ZYButtonViewController.m */; };
		3C1BE8DF18EAA11A0048EA81 /* ZYButtonViewController.xib in Resources */ = {isa = PBXBuildFile; fileRef = 3C1BE8DD18EAA11A0048EA81 /* ZYButtonViewController.xib */; };
		3C1BE8E318EAA58B0048EA81 /* ZYLabelViewController.m in Sources */ = {isa = PBXBuildFile; fileRef = 3C1BE8E118EAA58B0048EA81 /* ZYLabelViewController.m */; };
		3C1BE8E418EAA58B0048EA81 /* ZYLabelViewController.xib in Resources */ = {isa = PBXBuildFile; fileRef = 3C1BE8E218EAA58B0048EA81 /* ZYLabelViewController.xib */; };
		3C1BE8E818EAA7380048EA81 /* ZYTextFieldViewController.m in Sources */ = {isa = PBXBuildFile; fileRef = 3C1BE8E618EAA7380048EA81 /* ZYTextFieldViewController.m */; };
		3C1BE8E918EAA7380048EA81 /* ZYTextFieldViewController.xib in Resources */ = {isa = PBXBuildFile; fileRef = 3C1BE8E718EAA7380048EA81 /* ZYTextFieldViewController.xib */; };
		3C1BE8ED18EAADF50048EA81 /* ZYImageViewController.m in Sources */ = {isa = PBXBuildFile; fileRef = 3C1BE8EB18EAADF50048EA81 /* ZYImageViewController.m */; };
		3C1BE8EE18EAADF50048EA81 /* ZYImageViewController.xib in Resources */ = {isa = PBXBuildFile; fileRef = 3C1BE8EC18EAADF50048EA81 /* ZYImageViewController.xib */; };
		3C1BE8F218EAAFC00048EA81 /* ZYProgressViewController.m in Sources */ = {isa = PBXBuildFile; fileRef = 3C1BE8F018EAAFC00048EA81 /* ZYProgressViewController.m */; };
		3C1BE8F318EAAFC00048EA81 /* ZYProgressViewController.xib in Resources */ = {isa = PBXBuildFile; fileRef = 3C1BE8F118EAAFC00048EA81 /* ZYProgressViewController.xib */; };
		3C1BE8F718EAB2D00048EA81 /* ZYActivityIndicatorViewController.m in Sources */ = {isa = PBXBuildFile; fileRef = 3C1BE8F518EAB2D00048EA81 /* ZYActivityIndicatorViewController.m */; };
		3C1BE8F818EAB2D00048EA81 /* ZYActivityIndicatorViewController.xib in Resources */ = {isa = PBXBuildFile; fileRef = 3C1BE8F618EAB2D00048EA81 /* ZYActivityIndicatorViewController.xib */; };
		3C94A59418EAC444009B3D98 /* ZYStepperViewController.m in Sources */ = {isa = PBXBuildFile; fileRef = 3C94A59318EAC444009B3D98 /* ZYStepperViewController.m */; };
		3CEC850318EBDA8D00894319 /* ZYToolTableViewController.m in Sources */ = {isa = PBXBuildFile; fileRef = 3CEC850118EBDA8D00894319 /* ZYToolTableViewController.m */; };
		3CEC850418EBDA8D00894319 /* ZYToolTableViewController.xib in Resources */ = {isa = PBXBuildFile; fileRef = 3CEC850218EBDA8D00894319 /* ZYToolTableViewController.xib */; };
/* End PBXBuildFile section */

/* Begin PBXContainerItemProxy section */
		3C1BE8BB18EA843A0048EA81 /* PBXContainerItemProxy */ = {
			isa = PBXContainerItemProxy;
			containerPortal = 3C1BE89318EA843A0048EA81 /* Project object */;
			proxyType = 1;
			remoteGlobalIDString = 3C1BE89A18EA843A0048EA81;
			remoteInfo = ZYUIProject;
		};
/* End PBXContainerItemProxy section */

/* Begin PBXFileReference section */
		3C07553618F28CF0001948A3 /* ZYTimerViewController.h */ = {isa = PBXFileReference; fileEncoding = 4; lastKnownFileType = sourcecode.c.h; path = ZYTimerViewController.h; sourceTree = "<group>"; };
		3C07553718F28CF0001948A3 /* ZYTimerViewController.m */ = {isa = PBXFileReference; fileEncoding = 4; lastKnownFileType = sourcecode.c.objc; path = ZYTimerViewController.m; sourceTree = "<group>"; };
		3C07553818F28CF0001948A3 /* ZYTimerViewController.xib */ = {isa = PBXFileReference; fileEncoding = 4; lastKnownFileType = file.xib; path = ZYTimerViewController.xib; sourceTree = "<group>"; };
		3C07553B18F28D06001948A3 /* ZYThreadViewController.h */ = {isa = PBXFileReference; fileEncoding = 4; lastKnownFileType = sourcecode.c.h; path = ZYThreadViewController.h; sourceTree = "<group>"; };
		3C07553C18F28D06001948A3 /* ZYThreadViewController.m */ = {isa = PBXFileReference; fileEncoding = 4; lastKnownFileType = sourcecode.c.objc; path = ZYThreadViewController.m; sourceTree = "<group>"; };
		3C07553D18F28D06001948A3 /* ZYThreadViewController.xib */ = {isa = PBXFileReference; fileEncoding = 4; lastKnownFileType = file.xib; path = ZYThreadViewController.xib; sourceTree = "<group>"; };
		3C1BE89B18EA843A0048EA81 /* ZYUIProject.app */ = {isa = PBXFileReference; explicitFileType = wrapper.application; includeInIndex = 0; path = ZYUIProject.app; sourceTree = BUILT_PRODUCTS_DIR; };
		3C1BE89E18EA843A0048EA81 /* Foundation.framework */ = {isa = PBXFileReference; lastKnownFileType = wrapper.framework; name = Foundation.framework; path = System/Library/Frameworks/Foundation.framework; sourceTree = SDKROOT; };
		3C1BE8A018EA843A0048EA81 /* CoreGraphics.framework */ = {isa = PBXFileReference; lastKnownFileType = wrapper.framework; name = CoreGraphics.framework; path = System/Library/Frameworks/CoreGraphics.framework; sourceTree = SDKROOT; };
		3C1BE8A218EA843A0048EA81 /* UIKit.framework */ = {isa = PBXFileReference; lastKnownFileType = wrapper.framework; name = UIKit.framework; path = System/Library/Frameworks/UIKit.framework; sourceTree = SDKROOT; };
		3C1BE8A618EA843A0048EA81 /* ZYUIProject-Info.plist */ = {isa = PBXFileReference; lastKnownFileType = text.plist.xml; path = "ZYUIProject-Info.plist"; sourceTree = "<group>"; };
		3C1BE8A818EA843A0048EA81 /* en */ = {isa = PBXFileReference; lastKnownFileType = text.plist.strings; name = en; path = en.lproj/InfoPlist.strings; sourceTree = "<group>"; };
		3C1BE8AA18EA843A0048EA81 /* main.m */ = {isa = PBXFileReference; lastKnownFileType = sourcecode.c.objc; path = main.m; sourceTree = "<group>"; };
		3C1BE8AC18EA843A0048EA81 /* ZYUIProject-Prefix.pch */ = {isa = PBXFileReference; lastKnownFileType = sourcecode.c.h; path = "ZYUIProject-Prefix.pch"; sourceTree = "<group>"; };
		3C1BE8AD18EA843A0048EA81 /* zyAppDelegate.h */ = {isa = PBXFileReference; lastKnownFileType = sourcecode.c.h; path = zyAppDelegate.h; sourceTree = "<group>"; };
		3C1BE8AE18EA843A0048EA81 /* zyAppDelegate.m */ = {isa = PBXFileReference; lastKnownFileType = sourcecode.c.objc; path = zyAppDelegate.m; sourceTree = "<group>"; };
		3C1BE8B018EA843A0048EA81 /* Images.xcassets */ = {isa = PBXFileReference; lastKnownFileType = folder.assetcatalog; path = Images.xcassets; sourceTree = "<group>"; };
		3C1BE8B618EA843A0048EA81 /* ZYUIProjectTests.xctest */ = {isa = PBXFileReference; explicitFileType = wrapper.cfbundle; includeInIndex = 0; path = ZYUIProjectTests.xctest; sourceTree = BUILT_PRODUCTS_DIR; };
		3C1BE8B718EA843A0048EA81 /* XCTest.framework */ = {isa = PBXFileReference; lastKnownFileType = wrapper.framework; name = XCTest.framework; path = Library/Frameworks/XCTest.framework; sourceTree = DEVELOPER_DIR; };
		3C1BE8BF18EA843A0048EA81 /* ZYUIProjectTests-Info.plist */ = {isa = PBXFileReference; lastKnownFileType = text.plist.xml; path = "ZYUIProjectTests-Info.plist"; sourceTree = "<group>"; };
		3C1BE8C118EA843A0048EA81 /* en */ = {isa = PBXFileReference; lastKnownFileType = text.plist.strings; name = en; path = en.lproj/InfoPlist.strings; sourceTree = "<group>"; };
		3C1BE8C318EA843A0048EA81 /* ZYUIProjectTests.m */ = {isa = PBXFileReference; lastKnownFileType = sourcecode.c.objc; path = ZYUIProjectTests.m; sourceTree = "<group>"; };
		3C1BE8CD18EA86840048EA81 /* WidgetViewController.h */ = {isa = PBXFileReference; fileEncoding = 4; lastKnownFileType = sourcecode.c.h; path = WidgetViewController.h; sourceTree = "<group>"; };
		3C1BE8CE18EA86840048EA81 /* WidgetViewController.m */ = {isa = PBXFileReference; fileEncoding = 4; lastKnownFileType = sourcecode.c.objc; path = WidgetViewController.m; sourceTree = "<group>"; };
		3C1BE8CF18EA86840048EA81 /* WidgetViewController.xib */ = {isa = PBXFileReference; fileEncoding = 4; lastKnownFileType = file.xib; path = WidgetViewController.xib; sourceTree = "<group>"; };
		3C1BE8D218EA88A10048EA81 /* AnimationViewController.h */ = {isa = PBXFileReference; fileEncoding = 4; lastKnownFileType = sourcecode.c.h; path = AnimationViewController.h; sourceTree = "<group>"; };
		3C1BE8D318EA88A10048EA81 /* AnimationViewController.m */ = {isa = PBXFileReference; fileEncoding = 4; lastKnownFileType = sourcecode.c.objc; path = AnimationViewController.m; sourceTree = "<group>"; };
		3C1BE8D418EA88A10048EA81 /* AnimationViewController.xib */ = {isa = PBXFileReference; fileEncoding = 4; lastKnownFileType = file.xib; path = AnimationViewController.xib; sourceTree = "<group>"; };
		3C1BE8D718EA896C0048EA81 /* ZYNavigationController.h */ = {isa = PBXFileReference; fileEncoding = 4; lastKnownFileType = sourcecode.c.h; path = ZYNavigationController.h; sourceTree = "<group>"; };
		3C1BE8D818EA896C0048EA81 /* ZYNavigationController.m */ = {isa = PBXFileReference; fileEncoding = 4; lastKnownFileType = sourcecode.c.objc; path = ZYNavigationController.m; sourceTree = "<group>"; };
		3C1BE8DB18EAA11A0048EA81 /* ZYButtonViewController.h */ = {isa = PBXFileReference; fileEncoding = 4; lastKnownFileType = sourcecode.c.h; path = ZYButtonViewController.h; sourceTree = "<group>"; };
		3C1BE8DC18EAA11A0048EA81 /* ZYButtonViewController.m */ = {isa = PBXFileReference; fileEncoding = 4; lastKnownFileType = sourcecode.c.objc; path = ZYButtonViewController.m; sourceTree = "<group>"; };
		3C1BE8DD18EAA11A0048EA81 /* ZYButtonViewController.xib */ = {isa = PBXFileReference; fileEncoding = 4; lastKnownFileType = file.xib; path = ZYButtonViewController.xib; sourceTree = "<group>"; };
		3C1BE8E018EAA58B0048EA81 /* ZYLabelViewController.h */ = {isa = PBXFileReference; fileEncoding = 4; lastKnownFileType = sourcecode.c.h; path = ZYLabelViewController.h; sourceTree = "<group>"; };
		3C1BE8E118EAA58B0048EA81 /* ZYLabelViewController.m */ = {isa = PBXFileReference; fileEncoding = 4; lastKnownFileType = sourcecode.c.objc; path = ZYLabelViewController.m; sourceTree = "<group>"; };
		3C1BE8E218EAA58B0048EA81 /* ZYLabelViewController.xib */ = {isa = PBXFileReference; fileEncoding = 4; lastKnownFileType = file.xib; path = ZYLabelViewController.xib; sourceTree = "<group>"; };
		3C1BE8E518EAA7380048EA81 /* ZYTextFieldViewController.h */ = {isa = PBXFileReference; fileEncoding = 4; lastKnownFileType = sourcecode.c.h; path = ZYTextFieldViewController.h; sourceTree = "<group>"; };
		3C1BE8E618EAA7380048EA81 /* ZYTextFieldViewController.m */ = {isa = PBXFileReference; fileEncoding = 4; lastKnownFileType = sourcecode.c.objc; path = ZYTextFieldViewController.m; sourceTree = "<group>"; };
		3C1BE8E718EAA7380048EA81 /* ZYTextFieldViewController.xib */ = {isa = PBXFileReference; fileEncoding = 4; lastKnownFileType = file.xib; path = ZYTextFieldViewController.xib; sourceTree = "<group>"; };
		3C1BE8EA18EAADF50048EA81 /* ZYImageViewController.h */ = {isa = PBXFileReference; fileEncoding = 4; lastKnownFileType = sourcecode.c.h; path = ZYImageViewController.h; sourceTree = "<group>"; };
		3C1BE8EB18EAADF50048EA81 /* ZYImageViewController.m */ = {isa = PBXFileReference; fileEncoding = 4; lastKnownFileType = sourcecode.c.objc; path = ZYImageViewController.m; sourceTree = "<group>"; };
		3C1BE8EC18EAADF50048EA81 /* ZYImageViewController.xib */ = {isa = PBXFileReference; fileEncoding = 4; lastKnownFileType = file.xib; path = ZYImageViewController.xib; sourceTree = "<group>"; };
		3C1BE8EF18EAAFC00048EA81 /* ZYProgressViewController.h */ = {isa = PBXFileReference; fileEncoding = 4; lastKnownFileType = sourcecode.c.h; path = ZYProgressViewController.h; sourceTree = "<group>"; };
		3C1BE8F018EAAFC00048EA81 /* ZYProgressViewController.m */ = {isa = PBXFileReference; fileEncoding = 4; lastKnownFileType = sourcecode.c.objc; path = ZYProgressViewController.m; sourceTree = "<group>"; };
		3C1BE8F118EAAFC00048EA81 /* ZYProgressViewController.xib */ = {isa = PBXFileReference; fileEncoding = 4; lastKnownFileType = file.xib; path = ZYProgressViewController.xib; sourceTree = "<group>"; };
		3C1BE8F418EAB2D00048EA81 /* ZYActivityIndicatorViewController.h */ = {isa = PBXFileReference; fileEncoding = 4; lastKnownFileType = sourcecode.c.h; path = ZYActivityIndicatorViewController.h; sourceTree = "<group>"; };
		3C1BE8F518EAB2D00048EA81 /* ZYActivityIndicatorViewController.m */ = {isa = PBXFileReference; fileEncoding = 4; lastKnownFileType = sourcecode.c.objc; path = ZYActivityIndicatorViewController.m; sourceTree = "<group>"; };
		3C1BE8F618EAB2D00048EA81 /* ZYActivityIndicatorViewController.xib */ = {isa = PBXFileReference; fileEncoding = 4; lastKnownFileType = file.xib; path = ZYActivityIndicatorViewController.xib; sourceTree = "<group>"; };
		3C94A59218EAC444009B3D98 /* ZYStepperViewController.h */ = {isa = PBXFileReference; fileEncoding = 4; lastKnownFileType = sourcecode.c.h; path = ZYStepperViewController.h; sourceTree = "<group>"; };
		3C94A59318EAC444009B3D98 /* ZYStepperViewController.m */ = {isa = PBXFileReference; fileEncoding = 4; lastKnownFileType = sourcecode.c.objc; path = ZYStepperViewController.m; sourceTree = "<group>"; };
		3CEC850018EBDA8D00894319 /* ZYToolTableViewController.h */ = {isa = PBXFileReference; fileEncoding = 4; lastKnownFileType = sourcecode.c.h; path = ZYToolTableViewController.h; sourceTree = "<group>"; };
		3CEC850118EBDA8D00894319 /* ZYToolTableViewController.m */ = {isa = PBXFileReference; fileEncoding = 4; lastKnownFileType = sourcecode.c.objc; path = ZYToolTableViewController.m; sourceTree = "<group>"; };
		3CEC850218EBDA8D00894319 /* ZYToolTableViewController.xib */ = {isa = PBXFileReference; fileEncoding = 4; lastKnownFileType = file.xib; path = ZYToolTableViewController.xib; sourceTree = "<group>"; };
/* End PBXFileReference section */

/* Begin PBXFrameworksBuildPhase section */
		3C1BE89818EA843A0048EA81 /* Frameworks */ = {
			isa = PBXFrameworksBuildPhase;
			buildActionMask = 2147483647;
			files = (
				3C1BE8A118EA843A0048EA81 /* CoreGraphics.framework in Frameworks */,
				3C1BE8A318EA843A0048EA81 /* UIKit.framework in Frameworks */,
				3C1BE89F18EA843A0048EA81 /* Foundation.framework in Frameworks */,
			);
			runOnlyForDeploymentPostprocessing = 0;
		};
		3C1BE8B318EA843A0048EA81 /* Frameworks */ = {
			isa = PBXFrameworksBuildPhase;
			buildActionMask = 2147483647;
			files = (
				3C1BE8B818EA843A0048EA81 /* XCTest.framework in Frameworks */,
				3C1BE8BA18EA843A0048EA81 /* UIKit.framework in Frameworks */,
				3C1BE8B918EA843A0048EA81 /* Foundation.framework in Frameworks */,
			);
			runOnlyForDeploymentPostprocessing = 0;
		};
/* End PBXFrameworksBuildPhase section */

/* Begin PBXGroup section */
		3C07552618F28906001948A3 /* tools */ = {
			isa = PBXGroup;
			children = (
				3C07553618F28CF0001948A3 /* ZYTimerViewController.h */,
				3C07553718F28CF0001948A3 /* ZYTimerViewController.m */,
				3C07553818F28CF0001948A3 /* ZYTimerViewController.xib */,
				3C07553B18F28D06001948A3 /* ZYThreadViewController.h */,
				3C07553C18F28D06001948A3 /* ZYThreadViewController.m */,
				3C07553D18F28D06001948A3 /* ZYThreadViewController.xib */,
			);
			path = tools;
			sourceTree = "<group>";
		};
		3C1BE89218EA843A0048EA81 = {
			isa = PBXGroup;
			children = (
				3C07552618F28906001948A3 /* tools */,
				3C1BE8DA18EAA0F50048EA81 /* widget */,
				3C1BE8A418EA843A0048EA81 /* ZYUIProject */,
				3C1BE8BD18EA843A0048EA81 /* ZYUIProjectTests */,
				3C1BE89D18EA843A0048EA81 /* Frameworks */,
				3C1BE89C18EA843A0048EA81 /* Products */,
			);
			sourceTree = "<group>";
		};
		3C1BE89C18EA843A0048EA81 /* Products */ = {
			isa = PBXGroup;
			children = (
				3C1BE89B18EA843A0048EA81 /* ZYUIProject.app */,
				3C1BE8B618EA843A0048EA81 /* ZYUIProjectTests.xctest */,
			);
			name = Products;
			sourceTree = "<group>";
		};
		3C1BE89D18EA843A0048EA81 /* Frameworks */ = {
			isa = PBXGroup;
			children = (
				3C1BE89E18EA843A0048EA81 /* Foundation.framework */,
				3C1BE8A018EA843A0048EA81 /* CoreGraphics.framework */,
				3C1BE8A218EA843A0048EA81 /* UIKit.framework */,
				3C1BE8B718EA843A0048EA81 /* XCTest.framework */,
			);
			name = Frameworks;
			sourceTree = "<group>";
		};
		3C1BE8A418EA843A0048EA81 /* ZYUIProject */ = {
			isa = PBXGroup;
			children = (
				3C1BE8AD18EA843A0048EA81 /* zyAppDelegate.h */,
				3C1BE8AE18EA843A0048EA81 /* zyAppDelegate.m */,
				3C1BE8D218EA88A10048EA81 /* AnimationViewController.h */,
				3C1BE8D318EA88A10048EA81 /* AnimationViewController.m */,
				3C1BE8D418EA88A10048EA81 /* AnimationViewController.xib */,
				3C1BE8B018EA843A0048EA81 /* Images.xcassets */,
				3C1BE8A518EA843A0048EA81 /* Supporting Files */,
				3C1BE8CD18EA86840048EA81 /* WidgetViewController.h */,
				3C1BE8CE18EA86840048EA81 /* WidgetViewController.m */,
				3C1BE8CF18EA86840048EA81 /* WidgetViewController.xib */,
				3CEC850018EBDA8D00894319 /* ZYToolTableViewController.h */,
				3CEC850118EBDA8D00894319 /* ZYToolTableViewController.m */,
				3CEC850218EBDA8D00894319 /* ZYToolTableViewController.xib */,
				3C1BE8D718EA896C0048EA81 /* ZYNavigationController.h */,
				3C1BE8D818EA896C0048EA81 /* ZYNavigationController.m */,
			);
			path = ZYUIProject;
			sourceTree = "<group>";
		};
		3C1BE8A518EA843A0048EA81 /* Supporting Files */ = {
			isa = PBXGroup;
			children = (
				3C1BE8A618EA843A0048EA81 /* ZYUIProject-Info.plist */,
				3C1BE8A718EA843A0048EA81 /* InfoPlist.strings */,
				3C1BE8AA18EA843A0048EA81 /* main.m */,
				3C1BE8AC18EA843A0048EA81 /* ZYUIProject-Prefix.pch */,
			);
			name = "Supporting Files";
			sourceTree = "<group>";
		};
		3C1BE8BD18EA843A0048EA81 /* ZYUIProjectTests */ = {
			isa = PBXGroup;
			children = (
				3C1BE8C318EA843A0048EA81 /* ZYUIProjectTests.m */,
				3C1BE8BE18EA843A0048EA81 /* Supporting Files */,
			);
			path = ZYUIProjectTests;
			sourceTree = "<group>";
		};
		3C1BE8BE18EA843A0048EA81 /* Supporting Files */ = {
			isa = PBXGroup;
			children = (
				3C1BE8BF18EA843A0048EA81 /* ZYUIProjectTests-Info.plist */,
				3C1BE8C018EA843A0048EA81 /* InfoPlist.strings */,
			);
			name = "Supporting Files";
			sourceTree = "<group>";
		};
		3C1BE8DA18EAA0F50048EA81 /* widget */ = {
			isa = PBXGroup;
			children = (
				3C1BE8DB18EAA11A0048EA81 /* ZYButtonViewController.h */,
				3C1BE8DC18EAA11A0048EA81 /* ZYButtonViewController.m */,
				3C1BE8DD18EAA11A0048EA81 /* ZYButtonViewController.xib */,
				3C1BE8E018EAA58B0048EA81 /* ZYLabelViewController.h */,
				3C1BE8E118EAA58B0048EA81 /* ZYLabelViewController.m */,
				3C1BE8E218EAA58B0048EA81 /* ZYLabelViewController.xib */,
				3C1BE8E518EAA7380048EA81 /* ZYTextFieldViewController.h */,
				3C1BE8E618EAA7380048EA81 /* ZYTextFieldViewController.m */,
				3C1BE8E718EAA7380048EA81 /* ZYTextFieldViewController.xib */,
				3C1BE8EA18EAADF50048EA81 /* ZYImageViewController.h */,
				3C1BE8EB18EAADF50048EA81 /* ZYImageViewController.m */,
				3C1BE8EC18EAADF50048EA81 /* ZYImageViewController.xib */,
				3C1BE8EF18EAAFC00048EA81 /* ZYProgressViewController.h */,
				3C1BE8F018EAAFC00048EA81 /* ZYProgressViewController.m */,
				3C1BE8F118EAAFC00048EA81 /* ZYProgressViewController.xib */,
				3C1BE8F418EAB2D00048EA81 /* ZYActivityIndicatorViewController.h */,
				3C1BE8F518EAB2D00048EA81 /* ZYActivityIndicatorViewController.m */,
				3C1BE8F618EAB2D00048EA81 /* ZYActivityIndicatorViewController.xib */,
				3C94A59218EAC444009B3D98 /* ZYStepperViewController.h */,
				3C94A59318EAC444009B3D98 /* ZYStepperViewController.m */,
			);
			path = widget;
			sourceTree = "<group>";
		};
/* End PBXGroup section */

/* Begin PBXNativeTarget section */
		3C1BE89A18EA843A0048EA81 /* ZYUIProject */ = {
			isa = PBXNativeTarget;
			buildConfigurationList = 3C1BE8C718EA843A0048EA81 /* Build configuration list for PBXNativeTarget "ZYUIProject" */;
			buildPhases = (
				3C1BE89718EA843A0048EA81 /* Sources */,
				3C1BE89818EA843A0048EA81 /* Frameworks */,
				3C1BE89918EA843A0048EA81 /* Resources */,
			);
			buildRules = (
			);
			dependencies = (
			);
			name = ZYUIProject;
			productName = ZYUIProject;
			productReference = 3C1BE89B18EA843A0048EA81 /* ZYUIProject.app */;
			productType = "com.apple.product-type.application";
		};
		3C1BE8B518EA843A0048EA81 /* ZYUIProjectTests */ = {
			isa = PBXNativeTarget;
			buildConfigurationList = 3C1BE8CA18EA843A0048EA81 /* Build configuration list for PBXNativeTarget "ZYUIProjectTests" */;
			buildPhases = (
				3C1BE8B218EA843A0048EA81 /* Sources */,
				3C1BE8B318EA843A0048EA81 /* Frameworks */,
				3C1BE8B418EA843A0048EA81 /* Resources */,
			);
			buildRules = (
			);
			dependencies = (
				3C1BE8BC18EA843A0048EA81 /* PBXTargetDependency */,
			);
			name = ZYUIProjectTests;
			productName = ZYUIProjectTests;
			productReference = 3C1BE8B618EA843A0048EA81 /* ZYUIProjectTests.xctest */;
			productType = "com.apple.product-type.bundle.unit-test";
		};
/* End PBXNativeTarget section */

/* Begin PBXProject section */
		3C1BE89318EA843A0048EA81 /* Project object */ = {
			isa = PBXProject;
			attributes = {
				CLASSPREFIX = zy;
				LastUpgradeCheck = 0510;
				ORGANIZATIONNAME = jiankun.com;
				TargetAttributes = {
					3C1BE8B518EA843A0048EA81 = {
						TestTargetID = 3C1BE89A18EA843A0048EA81;
					};
				};
			};
			buildConfigurationList = 3C1BE89618EA843A0048EA81 /* Build configuration list for PBXProject "ZYUIProject" */;
			compatibilityVersion = "Xcode 3.2";
			developmentRegion = English;
			hasScannedForEncodings = 0;
			knownRegions = (
				en,
			);
			mainGroup = 3C1BE89218EA843A0048EA81;
			productRefGroup = 3C1BE89C18EA843A0048EA81 /* Products */;
			projectDirPath = "";
			projectRoot = "";
			targets = (
				3C1BE89A18EA843A0048EA81 /* ZYUIProject */,
				3C1BE8B518EA843A0048EA81 /* ZYUIProjectTests */,
			);
		};
/* End PBXProject section */

/* Begin PBXResourcesBuildPhase section */
		3C1BE89918EA843A0048EA81 /* Resources */ = {
			isa = PBXResourcesBuildPhase;
			buildActionMask = 2147483647;
			files = (
				3C1BE8E918EAA7380048EA81 /* ZYTextFieldViewController.xib in Resources */,
				3C1BE8E418EAA58B0048EA81 /* ZYLabelViewController.xib in Resources */,
				3C1BE8F318EAAFC00048EA81 /* ZYProgressViewController.xib in Resources */,
				3C1BE8DF18EAA11A0048EA81 /* ZYButtonViewController.xib in Resources */,
				3C1BE8F818EAB2D00048EA81 /* ZYActivityIndicatorViewController.xib in Resources */,
				3C1BE8A918EA843A0048EA81 /* InfoPlist.strings in Resources */,
				3CEC850418EBDA8D00894319 /* ZYToolTableViewController.xib in Resources */,
				3C1BE8D118EA86840048EA81 /* WidgetViewController.xib in Resources */,
				3C1BE8B118EA843A0048EA81 /* Images.xcassets in Resources */,
				3C1BE8D618EA88A10048EA81 /* AnimationViewController.xib in Resources */,
				3C1BE8EE18EAADF50048EA81 /* ZYImageViewController.xib in Resources */,
			);
			runOnlyForDeploymentPostprocessing = 0;
		};
		3C1BE8B418EA843A0048EA81 /* Resources */ = {
			isa = PBXResourcesBuildPhase;
			buildActionMask = 2147483647;
			files = (
				3C07553F18F28D06001948A3 /* ZYThreadViewController.xib in Resources */,
				3C07553A18F28CF0001948A3 /* ZYTimerViewController.xib in Resources */,
				3C1BE8C218EA843A0048EA81 /* InfoPlist.strings in Resources */,
			);
			runOnlyForDeploymentPostprocessing = 0;
		};
/* End PBXResourcesBuildPhase section */

/* Begin PBXSourcesBuildPhase section */
		3C1BE89718EA843A0048EA81 /* Sources */ = {
			isa = PBXSourcesBuildPhase;
			buildActionMask = 2147483647;
			files = (
				3C1BE8AB18EA843A0048EA81 /* main.m in Sources */,
				3C94A59418EAC444009B3D98 /* ZYStepperViewController.m in Sources */,
				3C1BE8F718EAB2D00048EA81 /* ZYActivityIndicatorViewController.m in Sources */,
				3C1BE8E818EAA7380048EA81 /* ZYTextFieldViewController.m in Sources */,
				3C1BE8AF18EA843A0048EA81 /* zyAppDelegate.m in Sources */,
				3C1BE8D018EA86840048EA81 /* WidgetViewController.m in Sources */,
				3C1BE8F218EAAFC00048EA81 /* ZYProgressViewController.m in Sources */,
				3C1BE8D918EA896C0048EA81 /* ZYNavigationController.m in Sources */,
				3C1BE8D518EA88A10048EA81 /* AnimationViewController.m in Sources */,
				3C1BE8ED18EAADF50048EA81 /* ZYImageViewController.m in Sources */,
				3C1BE8DE18EAA11A0048EA81 /* ZYButtonViewController.m in Sources */,
				3CEC850318EBDA8D00894319 /* ZYToolTableViewController.m in Sources */,
				3C1BE8E318EAA58B0048EA81 /* ZYLabelViewController.m in Sources */,
			);
			runOnlyForDeploymentPostprocessing = 0;
		};
		3C1BE8B218EA843A0048EA81 /* Sources */ = {
			isa = PBXSourcesBuildPhase;
			buildActionMask = 2147483647;
			files = (
				3C07553E18F28D06001948A3 /* ZYThreadViewController.m in Sources */,
				3C07553918F28CF0001948A3 /* ZYTimerViewController.m in Sources */,
				3C1BE8C418EA843A0048EA81 /* ZYUIProjectTests.m in Sources */,
			);
			runOnlyForDeploymentPostprocessing = 0;
		};
/* End PBXSourcesBuildPhase section */

/* Begin PBXTargetDependency section */
		3C1BE8BC18EA843A0048EA81 /* PBXTargetDependency */ = {
			isa = PBXTargetDependency;
			target = 3C1BE89A18EA843A0048EA81 /* ZYUIProject */;
			targetProxy = 3C1BE8BB18EA843A0048EA81 /* PBXContainerItemProxy */;
		};
/* End PBXTargetDependency section */

/* Begin PBXVariantGroup section */
		3C1BE8A718EA843A0048EA81 /* InfoPlist.strings */ = {
			isa = PBXVariantGroup;
			children = (
				3C1BE8A818EA843A0048EA81 /* en */,
			);
			name = InfoPlist.strings;
			sourceTree = "<group>";
		};
		3C1BE8C018EA843A0048EA81 /* InfoPlist.strings */ = {
			isa = PBXVariantGroup;
			children = (
				3C1BE8C118EA843A0048EA81 /* en */,
			);
			name = InfoPlist.strings;
			sourceTree = "<group>";
		};
/* End PBXVariantGroup section */

/* Begin XCBuildConfiguration section */
		3C1BE8C518EA843A0048EA81 /* Debug */ = {
			isa = XCBuildConfiguration;
			buildSettings = {
				ALWAYS_SEARCH_USER_PATHS = NO;
				CLANG_CXX_LANGUAGE_STANDARD = "gnu++0x";
				CLANG_CXX_LIBRARY = "libc++";
				CLANG_ENABLE_MODULES = YES;
				CLANG_ENABLE_OBJC_ARC = YES;
				CLANG_WARN_BOOL_CONVERSION = YES;
				CLANG_WARN_CONSTANT_CONVERSION = YES;
				CLANG_WARN_DIRECT_OBJC_ISA_USAGE = YES_ERROR;
				CLANG_WARN_EMPTY_BODY = YES;
				CLANG_WARN_ENUM_CONVERSION = YES;
				CLANG_WARN_INT_CONVERSION = YES;
				CLANG_WARN_OBJC_ROOT_CLASS = YES_ERROR;
				CLANG_WARN__DUPLICATE_METHOD_MATCH = YES;
				"CODE_SIGN_IDENTITY[sdk=iphoneos*]" = "iPhone Developer";
				COPY_PHASE_STRIP = NO;
				GCC_C_LANGUAGE_STANDARD = gnu99;
				GCC_DYNAMIC_NO_PIC = NO;
				GCC_OPTIMIZATION_LEVEL = 0;
				GCC_PREPROCESSOR_DEFINITIONS = (
					"DEBUG=1",
					"$(inherited)",
				);
				GCC_SYMBOLS_PRIVATE_EXTERN = NO;
				GCC_WARN_64_TO_32_BIT_CONVERSION = YES;
				GCC_WARN_ABOUT_RETURN_TYPE = YES_ERROR;
				GCC_WARN_UNDECLARED_SELECTOR = YES;
				GCC_WARN_UNINITIALIZED_AUTOS = YES_AGGRESSIVE;
				GCC_WARN_UNUSED_FUNCTION = YES;
				GCC_WARN_UNUSED_VARIABLE = YES;
				IPHONEOS_DEPLOYMENT_TARGET = 7.1;
				ONLY_ACTIVE_ARCH = YES;
				SDKROOT = iphoneos;
			};
			name = Debug;
		};
		3C1BE8C618EA843A0048EA81 /* Release */ = {
			isa = XCBuildConfiguration;
			buildSettings = {
				ALWAYS_SEARCH_USER_PATHS = NO;
				CLANG_CXX_LANGUAGE_STANDARD = "gnu++0x";
				CLANG_CXX_LIBRARY = "libc++";
				CLANG_ENABLE_MODULES = YES;
				CLANG_ENABLE_OBJC_ARC = YES;
				CLANG_WARN_BOOL_CONVERSION = YES;
				CLANG_WARN_CONSTANT_CONVERSION = YES;
				CLANG_WARN_DIRECT_OBJC_ISA_USAGE = YES_ERROR;
				CLANG_WARN_EMPTY_BODY = YES;
				CLANG_WARN_ENUM_CONVERSION = YES;
				CLANG_WARN_INT_CONVERSION = YES;
				CLANG_WARN_OBJC_ROOT_CLASS = YES_ERROR;
				CLANG_WARN__DUPLICATE_METHOD_MATCH = YES;
				"CODE_SIGN_IDENTITY[sdk=iphoneos*]" = "iPhone Developer";
				COPY_PHASE_STRIP = YES;
				ENABLE_NS_ASSERTIONS = NO;
				GCC_C_LANGUAGE_STANDARD = gnu99;
				GCC_WARN_64_TO_32_BIT_CONVERSION = YES;
				GCC_WARN_ABOUT_RETURN_TYPE = YES_ERROR;
				GCC_WARN_UNDECLARED_SELECTOR = YES;
				GCC_WARN_UNINITIALIZED_AUTOS = YES_AGGRESSIVE;
				GCC_WARN_UNUSED_FUNCTION = YES;
				GCC_WARN_UNUSED_VARIABLE = YES;
				IPHONEOS_DEPLOYMENT_TARGET = 7.1;
				SDKROOT = iphoneos;
				VALIDATE_PRODUCT = YES;
			};
			name = Release;
		};
		3C1BE8C818EA843A0048EA81 /* Debug */ = {
			isa = XCBuildConfiguration;
			buildSettings = {
				ASSETCATALOG_COMPILER_APPICON_NAME = AppIcon;
				ASSETCATALOG_COMPILER_LAUNCHIMAGE_NAME = LaunchImage;
				GCC_PRECOMPILE_PREFIX_HEADER = YES;
				GCC_PREFIX_HEADER = "ZYUIProject/ZYUIProject-Prefix.pch";
				INFOPLIST_FILE = "ZYUIProject/ZYUIProject-Info.plist";
				PRODUCT_NAME = "$(TARGET_NAME)";
				WRAPPER_EXTENSION = app;
			};
			name = Debug;
		};
		3C1BE8C918EA843A0048EA81 /* Release */ = {
			isa = XCBuildConfiguration;
			buildSettings = {
				ASSETCATALOG_COMPILER_APPICON_NAME = AppIcon;
				ASSETCATALOG_COMPILER_LAUNCHIMAGE_NAME = LaunchImage;
				GCC_PRECOMPILE_PREFIX_HEADER = YES;
				GCC_PREFIX_HEADER = "ZYUIProject/ZYUIProject-Prefix.pch";
				INFOPLIST_FILE = "ZYUIProject/ZYUIProject-Info.plist";
				PRODUCT_NAME = "$(TARGET_NAME)";
				WRAPPER_EXTENSION = app;
			};
			name = Release;
		};
		3C1BE8CB18EA843A0048EA81 /* Debug */ = {
			isa = XCBuildConfiguration;
			buildSettings = {
				BUNDLE_LOADER = "$(BUILT_PRODUCTS_DIR)/ZYUIProject.app/ZYUIProject";
				FRAMEWORK_SEARCH_PATHS = (
					"$(SDKROOT)/Developer/Library/Frameworks",
					"$(inherited)",
					"$(DEVELOPER_FRAMEWORKS_DIR)",
				);
				GCC_PRECOMPILE_PREFIX_HEADER = YES;
				GCC_PREFIX_HEADER = "ZYUIProject/ZYUIProject-Prefix.pch";
				GCC_PREPROCESSOR_DEFINITIONS = (
					"DEBUG=1",
					"$(inherited)",
				);
				INFOPLIST_FILE = "ZYUIProjectTests/ZYUIProjectTests-Info.plist";
				PRODUCT_NAME = "$(TARGET_NAME)";
				TEST_HOST = "$(BUNDLE_LOADER)";
				WRAPPER_EXTENSION = xctest;
			};
			name = Debug;
		};
		3C1BE8CC18EA843A0048EA81 /* Release */ = {
			isa = XCBuildConfiguration;
			buildSettings = {
				BUNDLE_LOADER = "$(BUILT_PRODUCTS_DIR)/ZYUIProject.app/ZYUIProject";
				FRAMEWORK_SEARCH_PATHS = (
					"$(SDKROOT)/Developer/Library/Frameworks",
					"$(inherited)",
					"$(DEVELOPER_FRAMEWORKS_DIR)",
				);
				GCC_PRECOMPILE_PREFIX_HEADER = YES;
				GCC_PREFIX_HEADER = "ZYUIProject/ZYUIProject-Prefix.pch";
				INFOPLIST_FILE = "ZYUIProjectTests/ZYUIProjectTests-Info.plist";
				PRODUCT_NAME = "$(TARGET_NAME)";
				TEST_HOST = "$(BUNDLE_LOADER)";
				WRAPPER_EXTENSION = xctest;
			};
			name = Release;
		};
/* End XCBuildConfiguration section */

/* Begin XCConfigurationList section */
		3C1BE89618EA843A0048EA81 /* Build configuration list for PBXProject "ZYUIProject" */ = {
			isa = XCConfigurationList;
			buildConfigurations = (
				3C1BE8C518EA843A0048EA81 /* Debug */,
				3C1BE8C618EA843A0048EA81 /* Release */,
			);
			defaultConfigurationIsVisible = 0;
			defaultConfigurationName = Release;
		};
		3C1BE8C718EA843A0048EA81 /* Build configuration list for PBXNativeTarget "ZYUIProject" */ = {
			isa = XCConfigurationList;
			buildConfigurations = (
				3C1BE8C818EA843A0048EA81 /* Debug */,
				3C1BE8C918EA843A0048EA81 /* Release */,
			);
			defaultConfigurationIsVisible = 0;
			defaultConfigurationName = Release;
		};
		3C1BE8CA18EA843A0048EA81 /* Build configuration list for PBXNativeTarget "ZYUIProjectTests" */ = {
			isa = XCConfigurationList;
			buildConfigurations = (
				3C1BE8CB18EA843A0048EA81 /* Debug */,
				3C1BE8CC18EA843A0048EA81 /* Release */,
			);
			defaultConfigurationIsVisible = 0;
			defaultConfigurationName = Release;
		};
/* End XCConfigurationList section */
	};
	rootObject = 3C1BE89318EA843A0048EA81 /* Project object */;
}
