// !$*UTF8*$!
{
	archiveVersion = 1;
	classes = {
	};
	objectVersion = 46;
	objects = {

/* Begin PBXBuildFile section */
		3C1BE89F18EA843A0048EA81 /* Foundation.framework in Frameworks */ = {isa = PBXBuildFile; fileRef = 3C1BE89E18EA843A0048EA81 /* Foundation.framework */; };
		3C1BE8A118EA843A0048EA81 /* CoreGraphics.framework in Frameworks */ = {isa = PBXBuildFile; fileRef = 3C1BE8A018EA843A0048EA81 /* CoreGraphics.framework */; };
		3C1BE8A318EA843A0048EA81 /* UIKit.framework in Frameworks */ = {isa = PBXBuildFile; fileRef = 3C1BE8A218EA843A0048EA81 /* UIKit.framework */; };
		3C1BE8A918EA843A0048EA81 /* InfoPlist.strings in Resources */ = {isa = PBXBuildFile; fileRef = 3C1BE8A718EA843A0048EA81 /* InfoPlist.strings */; };
		3C1BE8AB18EA843A0048EA81 /* main.m in Sources */ = {isa = PBXBuildFile; fileRef = 3C1BE8AA18EA843A0048EA81 /* main.m */; };
		3C1BE8AF18EA843A0048EA81 /* zyAppDelegate.m in Sources */ = {isa = PBXBuildFile; fileRef = 3C1BE8AE18EA843A0048EA81 /* zyAppDelegate.m */; };
		3C1BE8B118EA843A0048EA81 /* Images.xcassets in Resources */ = {isa = PBXBuildFile; fileRef = 3C1BE8B018EA843A0048EA81 /* Images.xcassets */; };
		3C1BE8B818EA843A0048EA81 /* XCTest.framework in Frameworks */ = {isa = PBXBuildFile; fileRef = 3C1BE8B718EA843A0048EA81 /* XCTest.framework */; };
		3C1BE8B918EA843A0048EA81 /* Foundation.framework in Frameworks */ = {isa = PBXBuildFile; fileRef = 3C1BE89E18EA843A0048EA81 /* Foundation.framework */; };
		3C1BE8BA18EA843A0048EA81 /* UIKit.framework in Frameworks */ = {isa = PBXBuildFile; fileRef = 3C1BE8A218EA843A0048EA81 /* UIKit.framework */; };
		3C1BE8C218EA843A0048EA81 /* InfoPlist.strings in Resources */ = {isa = PBXBuildFile; fileRef = 3C1BE8C018EA843A0048EA81 /* InfoPlist.strings */; };
		3C1BE8C418EA843A0048EA81 /* ZYUIProjectTests.m in Sources */ = {isa = PBXBuildFile; fileRef = 3C1BE8C318EA843A0048EA81 /* ZYUIProjectTests.m */; };
/* End PBXBuildFile section */

/* Begin PBXContainerItemProxy section */
		3C1BE8BB18EA843A0048EA81 /* PBXContainerItemProxy */ = {
			isa = PBXContainerItemProxy;
			containerPortal = 3C1BE89318EA843A0048EA81 /* Project object */;
			proxyType = 1;
			remoteGlobalIDString = 3C1BE89A18EA843A0048EA81;
			remoteInfo = ZYUIProject;
		};
/* End PBXContainerItemProxy section */

/* Begin PBXFileReference section */
		3C1BE89B18EA843A0048EA81 /* ZYUIProject.app */ = {isa = PBXFileReference; explicitFileType = wrapper.application; includeInIndex = 0; path = ZYUIProject.app; sourceTree = BUILT_PRODUCTS_DIR; };
		3C1BE89E18EA843A0048EA81 /* Foundation.framework */ = {isa = PBXFileReference; lastKnownFileType = wrapper.framework; name = Foundation.framework; path = System/Library/Frameworks/Foundation.framework; sourceTree = SDKROOT; };
		3C1BE8A018EA843A0048EA81 /* CoreGraphics.framework */ = {isa = PBXFileReference; lastKnownFileType = wrapper.framework; name = CoreGraphics.framework; path = System/Library/Frameworks/CoreGraphics.framework; sourceTree = SDKROOT; };
		3C1BE8A218EA843A0048EA81 /* UIKit.framework */ = {isa = PBXFileReference; lastKnownFileType = wrapper.framework; name = UIKit.framework; path = System/Library/Frameworks/UIKit.framework; sourceTree = SDKROOT; };
		3C1BE8A618EA843A0048EA81 /* ZYUIProject-Info.plist */ = {isa = PBXFileReference; lastKnownFileType = text.plist.xml; path = "ZYUIProject-Info.plist"; sourceTree = "<group>"; };
		3C1BE8A818EA843A0048EA81 /* en */ = {isa = PBXFileReference; lastKnownFileType = text.plist.strings; name = en; path = en.lproj/InfoPlist.strings; sourceTree = "<group>"; };
		3C1BE8AA18EA843A0048EA81 /* main.m */ = {isa = PBXFileReference; lastKnownFileType = sourcecode.c.objc; path = main.m; sourceTree = "<group>"; };
		3C1BE8AC18EA843A0048EA81 /* ZYUIProject-Prefix.pch */ = {isa = PBXFileReference; lastKnownFileType = sourcecode.c.h; path = "ZYUIProject-Prefix.pch"; sourceTree = "<group>"; };
		3C1BE8AD18EA843A0048EA81 /* zyAppDelegate.h */ = {isa = PBXFileReference; lastKnownFileType = sourcecode.c.h; path = zyAppDelegate.h; sourceTree = "<group>"; };
		3C1BE8AE18EA843A0048EA81 /* zyAppDelegate.m */ = {isa = PBXFileReference; lastKnownFileType = sourcecode.c.objc; path = zyAppDelegate.m; sourceTree = "<group>"; };
		3C1BE8B018EA843A0048EA81 /* Images.xcassets */ = {isa = PBXFileReference; lastKnownFileType = folder.assetcatalog; path = Images.xcassets; sourceTree = "<group>"; };
		3C1BE8B618EA843A0048EA81 /* ZYUIProjectTests.xctest */ = {isa = PBXFileReference; explicitFileType = wrapper.cfbundle; includeInIndex = 0; path = ZYUIProjectTests.xctest; sourceTree = BUILT_PRODUCTS_DIR; };
		3C1BE8B718EA843A0048EA81 /* XCTest.framework */ = {isa = PBXFileReference; lastKnownFileType = wrapper.framework; name = XCTest.framework; path = Library/Frameworks/XCTest.framework; sourceTree = DEVELOPER_DIR; };
		3C1BE8BF18EA843A0048EA81 /* ZYUIProjectTests-Info.plist */ = {isa = PBXFileReference; lastKnownFileType = text.plist.xml; path = "ZYUIProjectTests-Info.plist"; sourceTree = "<group>"; };
		3C1BE8C118EA843A0048EA81 /* en */ = {isa = PBXFileReference; lastKnownFileType = text.plist.strings; name = en; path = en.lproj/InfoPlist.strings; sourceTree = "<group>"; };
		3C1BE8C318EA843A0048EA81 /* ZYUIProjectTests.m */ = {isa = PBXFileReference; lastKnownFileType = sourcecode.c.objc; path = ZYUIProjectTests.m; sourceTree = "<group>"; };
/* End PBXFileReference section */

/* Begin PBXFrameworksBuildPhase section */
		3C1BE89818EA843A0048EA81 /* Frameworks */ = {
			isa = PBXFrameworksBuildPhase;
			buildActionMask = 2147483647;
			files = (
				3C1BE8A118EA843A0048EA81 /* CoreGraphics.framework in Frameworks */,
				3C1BE8A318EA843A0048EA81 /* UIKit.framework in Frameworks */,
				3C1BE89F18EA843A0048EA81 /* Foundation.framework in Frameworks */,
			);
			runOnlyForDeploymentPostprocessing = 0;
		};
		3C1BE8B318EA843A0048EA81 /* Frameworks */ = {
			isa = PBXFrameworksBuildPhase;
			buildActionMask = 2147483647;
			files = (
				3C1BE8B818EA843A0048EA81 /* XCTest.framework in Frameworks */,
				3C1BE8BA18EA843A0048EA81 /* UIKit.framework in Frameworks */,
				3C1BE8B918EA843A0048EA81 /* Foundation.framework in Frameworks */,
			);
			runOnlyForDeploymentPostprocessing = 0;
		};
/* End PBXFrameworksBuildPhase section */

/* Begin PBXGroup section */
		3C1BE89218EA843A0048EA81 = {
			isa = PBXGroup;
			children = (
				3C1BE8A418EA843A0048EA81 /* ZYUIProject */,
				3C1BE8BD18EA843A0048EA81 /* ZYUIProjectTests */,
				3C1BE89D18EA843A0048EA81 /* Frameworks */,
				3C1BE89C18EA843A0048EA81 /* Products */,
			);
			sourceTree = "<group>";
		};
		3C1BE89C18EA843A0048EA81 /* Products */ = {
			isa = PBXGroup;
			children = (
				3C1BE89B18EA843A0048EA81 /* ZYUIProject.app */,
				3C1BE8B618EA843A0048EA81 /* ZYUIProjectTests.xctest */,
			);
			name = Products;
			sourceTree = "<group>";
		};
		3C1BE89D18EA843A0048EA81 /* Frameworks */ = {
			isa = PBXGroup;
			children = (
				3C1BE89E18EA843A0048EA81 /* Foundation.framework */,
				3C1BE8A018EA843A0048EA81 /* CoreGraphics.framework */,
				3C1BE8A218EA843A0048EA81 /* UIKit.framework */,
				3C1BE8B718EA843A0048EA81 /* XCTest.framework */,
			);
			name = Frameworks;
			sourceTree = "<group>";
		};
		3C1BE8A418EA843A0048EA81 /* ZYUIProject */ = {
			isa = PBXGroup;
			children = (
				3C1BE8AD18EA843A0048EA81 /* zyAppDelegate.h */,
				3C1BE8AE18EA843A0048EA81 /* zyAppDelegate.m */,
				3C1BE8B018EA843A0048EA81 /* Images.xcassets */,
				3C1BE8A518EA843A0048EA81 /* Supporting Files */,
			);
			path = ZYUIProject;
			sourceTree = "<group>";
		};
		3C1BE8A518EA843A0048EA81 /* Supporting Files */ = {
			isa = PBXGroup;
			children = (
				3C1BE8A618EA843A0048EA81 /* ZYUIProject-Info.plist */,
				3C1BE8A718EA843A0048EA81 /* InfoPlist.strings */,
				3C1BE8AA18EA843A0048EA81 /* main.m */,
				3C1BE8AC18EA843A0048EA81 /* ZYUIProject-Prefix.pch */,
			);
			name = "Supporting Files";
			sourceTree = "<group>";
		};
		3C1BE8BD18EA843A0048EA81 /* ZYUIProjectTests */ = {
			isa = PBXGroup;
			children = (
				3C1BE8C318EA843A0048EA81 /* ZYUIProjectTests.m */,
				3C1BE8BE18EA843A0048EA81 /* Supporting Files */,
			);
			path = ZYUIProjectTests;
			sourceTree = "<group>";
		};
		3C1BE8BE18EA843A0048EA81 /* Supporting Files */ = {
			isa = PBXGroup;
			children = (
				3C1BE8BF18EA843A0048EA81 /* ZYUIProjectTests-Info.plist */,
				3C1BE8C018EA843A0048EA81 /* InfoPlist.strings */,
			);
			name = "Supporting Files";
			sourceTree = "<group>";
		};
/* End PBXGroup section */

/* Begin PBXNativeTarget section */
		3C1BE89A18EA843A0048EA81 /* ZYUIProject */ = {
			isa = PBXNativeTarget;
			buildConfigurationList = 3C1BE8C718EA843A0048EA81 /* Build configuration list for PBXNativeTarget "ZYUIProject" */;
			buildPhases = (
				3C1BE89718EA843A0048EA81 /* Sources */,
				3C1BE89818EA843A0048EA81 /* Frameworks */,
				3C1BE89918EA843A0048EA81 /* Resources */,
			);
			buildRules = (
			);
			dependencies = (
			);
			name = ZYUIProject;
			productName = ZYUIProject;
			productReference = 3C1BE89B18EA843A0048EA81 /* ZYUIProject.app */;
			productType = "com.apple.product-type.application";
		};
		3C1BE8B518EA843A0048EA81 /* ZYUIProjectTests */ = {
			isa = PBXNativeTarget;
			buildConfigurationList = 3C1BE8CA18EA843A0048EA81 /* Build configuration list for PBXNativeTarget "ZYUIProjectTests" */;
			buildPhases = (
				3C1BE8B218EA843A0048EA81 /* Sources */,
				3C1BE8B318EA843A0048EA81 /* Frameworks */,
				3C1BE8B418EA843A0048EA81 /* Resources */,
			);
			buildRules = (
			);
			dependencies = (
				3C1BE8BC18EA843A0048EA81 /* PBXTargetDependency */,
			);
			name = ZYUIProjectTests;
			productName = ZYUIProjectTests;
			productReference = 3C1BE8B618EA843A0048EA81 /* ZYUIProjectTests.xctest */;
			productType = "com.apple.product-type.bundle.unit-test";
		};
/* End PBXNativeTarget section */

/* Begin PBXProject section */
		3C1BE89318EA843A0048EA81 /* Project object */ = {
			isa = PBXProject;
			attributes = {
				CLASSPREFIX = zy;
				LastUpgradeCheck = 0510;
				ORGANIZATIONNAME = jiankun.com;
				TargetAttributes = {
					3C1BE8B518EA843A0048EA81 = {
						TestTargetID = 3C1BE89A18EA843A0048EA81;
					};
				};
			};
			buildConfigurationList = 3C1BE89618EA843A0048EA81 /* Build configuration list for PBXProject "ZYUIProject" */;
			compatibilityVersion = "Xcode 3.2";
			developmentRegion = English;
			hasScannedForEncodings = 0;
			knownRegions = (
				en,
			);
			mainGroup = 3C1BE89218EA843A0048EA81;
			productRefGroup = 3C1BE89C18EA843A0048EA81 /* Products */;
			projectDirPath = "";
			projectRoot = "";
			targets = (
				3C1BE89A18EA843A0048EA81 /* ZYUIProject */,
				3C1BE8B518EA843A0048EA81 /* ZYUIProjectTests */,
			);
		};
/* End PBXProject section */

/* Begin PBXResourcesBuildPhase section */
		3C1BE89918EA843A0048EA81 /* Resources */ = {
			isa = PBXResourcesBuildPhase;
			buildActionMask = 2147483647;
			files = (
				3C1BE8A918EA843A0048EA81 /* InfoPlist.strings in Resources */,
				3C1BE8B118EA843A0048EA81 /* Images.xcassets in Resources */,
			);
			runOnlyForDeploymentPostprocessing = 0;
		};
		3C1BE8B418EA843A0048EA81 /* Resources */ = {
			isa = PBXResourcesBuildPhase;
			buildActionMask = 2147483647;
			files = (
				3C1BE8C218EA843A0048EA81 /* InfoPlist.strings in Resources */,
			);
			runOnlyForDeploymentPostprocessing = 0;
		};
/* End PBXResourcesBuildPhase section */

/* Begin PBXSourcesBuildPhase section */
		3C1BE89718EA843A0048EA81 /* Sources */ = {
			isa = PBXSourcesBuildPhase;
			buildActionMask = 2147483647;
			files = (
				3C1BE8AB18EA843A0048EA81 /* main.m in Sources */,
				3C1BE8AF18EA843A0048EA81 /* zyAppDelegate.m in Sources */,
			);
			runOnlyForDeploymentPostprocessing = 0;
		};
		3C1BE8B218EA843A0048EA81 /* Sources */ = {
			isa = PBXSourcesBuildPhase;
			buildActionMask = 2147483647;
			files = (
				3C1BE8C418EA843A0048EA81 /* ZYUIProjectTests.m in Sources */,
			);
			runOnlyForDeploymentPostprocessing = 0;
		};
/* End PBXSourcesBuildPhase section */

/* Begin PBXTargetDependency section */
		3C1BE8BC18EA843A0048EA81 /* PBXTargetDependency */ = {
			isa = PBXTargetDependency;
			target = 3C1BE89A18EA843A0048EA81 /* ZYUIProject */;
			targetProxy = 3C1BE8BB18EA843A0048EA81 /* PBXContainerItemProxy */;
		};
/* End PBXTargetDependency section */

/* Begin PBXVariantGroup section */
		3C1BE8A718EA843A0048EA81 /* InfoPlist.strings */ = {
			isa = PBXVariantGroup;
			children = (
				3C1BE8A818EA843A0048EA81 /* en */,
			);
			name = InfoPlist.strings;
			sourceTree = "<group>";
		};
		3C1BE8C018EA843A0048EA81 /* InfoPlist.strings */ = {
			isa = PBXVariantGroup;
			children = (
				3C1BE8C118EA843A0048EA81 /* en */,
			);
			name = InfoPlist.strings;
			sourceTree = "<group>";
		};
/* End PBXVariantGroup section */

/* Begin XCBuildConfiguration section */
		3C1BE8C518EA843A0048EA81 /* Debug */ = {
			isa = XCBuildConfiguration;
			buildSettings = {
				ALWAYS_SEARCH_USER_PATHS = NO;
				CLANG_CXX_LANGUAGE_STANDARD = "gnu++0x";
				CLANG_CXX_LIBRARY = "libc++";
				CLANG_ENABLE_MODULES = YES;
				CLANG_ENABLE_OBJC_ARC = YES;
				CLANG_WARN_BOOL_CONVERSION = YES;
				CLANG_WARN_CONSTANT_CONVERSION = YES;
				CLANG_WARN_DIRECT_OBJC_ISA_USAGE = YES_ERROR;
				CLANG_WARN_EMPTY_BODY = YES;
				CLANG_WARN_ENUM_CONVERSION = YES;
				CLANG_WARN_INT_CONVERSION = YES;
				CLANG_WARN_OBJC_ROOT_CLASS = YES_ERROR;
				CLANG_WARN__DUPLICATE_METHOD_MATCH = YES;
				"CODE_SIGN_IDENTITY[sdk=iphoneos*]" = "iPhone Developer";
				COPY_PHASE_STRIP = NO;
				GCC_C_LANGUAGE_STANDARD = gnu99;
				GCC_DYNAMIC_NO_PIC = NO;
				GCC_OPTIMIZATION_LEVEL = 0;
				GCC_PREPROCESSOR_DEFINITIONS = (
					"DEBUG=1",
					"$(inherited)",
				);
				GCC_SYMBOLS_PRIVATE_EXTERN = NO;
				GCC_WARN_64_TO_32_BIT_CONVERSION = YES;
				GCC_WARN_ABOUT_RETURN_TYPE = YES_ERROR;
				GCC_WARN_UNDECLARED_SELECTOR = YES;
				GCC_WARN_UNINITIALIZED_AUTOS = YES_AGGRESSIVE;
				GCC_WARN_UNUSED_FUNCTION = YES;
				GCC_WARN_UNUSED_VARIABLE = YES;
				IPHONEOS_DEPLOYMENT_TARGET = 7.1;
				ONLY_ACTIVE_ARCH = YES;
				SDKROOT = iphoneos;
			};
			name = Debug;
		};
		3C1BE8C618EA843A0048EA81 /* Release */ = {
			isa = XCBuildConfiguration;
			buildSettings = {
				ALWAYS_SEARCH_USER_PATHS = NO;
				CLANG_CXX_LANGUAGE_STANDARD = "gnu++0x";
				CLANG_CXX_LIBRARY = "libc++";
				CLANG_ENABLE_MODULES = YES;
				CLANG_ENABLE_OBJC_ARC = YES;
				CLANG_WARN_BOOL_CONVERSION = YES;
				CLANG_WARN_CONSTANT_CONVERSION = YES;
				CLANG_WARN_DIRECT_OBJC_ISA_USAGE = YES_ERROR;
				CLANG_WARN_EMPTY_BODY = YES;
				CLANG_WARN_ENUM_CONVERSION = YES;
				CLANG_WARN_INT_CONVERSION = YES;
				CLANG_WARN_OBJC_ROOT_CLASS = YES_ERROR;
				CLANG_WARN__DUPLICATE_METHOD_MATCH = YES;
				"CODE_SIGN_IDENTITY[sdk=iphoneos*]" = "iPhone Developer";
				COPY_PHASE_STRIP = YES;
				ENABLE_NS_ASSERTIONS = NO;
				GCC_C_LANGUAGE_STANDARD = gnu99;
				GCC_WARN_64_TO_32_BIT_CONVERSION = YES;
				GCC_WARN_ABOUT_RETURN_TYPE = YES_ERROR;
				GCC_WARN_UNDECLARED_SELECTOR = YES;
				GCC_WARN_UNINITIALIZED_AUTOS = YES_AGGRESSIVE;
				GCC_WARN_UNUSED_FUNCTION = YES;
				GCC_WARN_UNUSED_VARIABLE = YES;
				IPHONEOS_DEPLOYMENT_TARGET = 7.1;
				SDKROOT = iphoneos;
				VALIDATE_PRODUCT = YES;
			};
			name = Release;
		};
		3C1BE8C818EA843A0048EA81 /* Debug */ = {
			isa = XCBuildConfiguration;
			buildSettings = {
				ASSETCATALOG_COMPILER_APPICON_NAME = AppIcon;
				ASSETCATALOG_COMPILER_LAUNCHIMAGE_NAME = LaunchImage;
				GCC_PRECOMPILE_PREFIX_HEADER = YES;
				GCC_PREFIX_HEADER = "ZYUIProject/ZYUIProject-Prefix.pch";
				INFOPLIST_FILE = "ZYUIProject/ZYUIProject-Info.plist";
				PRODUCT_NAME = "$(TARGET_NAME)";
				WRAPPER_EXTENSION = app;
			};
			name = Debug;
		};
		3C1BE8C918EA843A0048EA81 /* Release */ = {
			isa = XCBuildConfiguration;
			buildSettings = {
				ASSETCATALOG_COMPILER_APPICON_NAME = AppIcon;
				ASSETCATALOG_COMPILER_LAUNCHIMAGE_NAME = LaunchImage;
				GCC_PRECOMPILE_PREFIX_HEADER = YES;
				GCC_PREFIX_HEADER = "ZYUIProject/ZYUIProject-Prefix.pch";
				INFOPLIST_FILE = "ZYUIProject/ZYUIProject-Info.plist";
				PRODUCT_NAME = "$(TARGET_NAME)";
				WRAPPER_EXTENSION = app;
			};
			name = Release;
		};
		3C1BE8CB18EA843A0048EA81 /* Debug */ = {
			isa = XCBuildConfiguration;
			buildSettings = {
				BUNDLE_LOADER = "$(BUILT_PRODUCTS_DIR)/ZYUIProject.app/ZYUIProject";
				FRAMEWORK_SEARCH_PATHS = (
					"$(SDKROOT)/Developer/Library/Frameworks",
					"$(inherited)",
					"$(DEVELOPER_FRAMEWORKS_DIR)",
				);
				GCC_PRECOMPILE_PREFIX_HEADER = YES;
				GCC_PREFIX_HEADER = "ZYUIProject/ZYUIProject-Prefix.pch";
				GCC_PREPROCESSOR_DEFINITIONS = (
					"DEBUG=1",
					"$(inherited)",
				);
				INFOPLIST_FILE = "ZYUIProjectTests/ZYUIProjectTests-Info.plist";
				PRODUCT_NAME = "$(TARGET_NAME)";
				TEST_HOST = "$(BUNDLE_LOADER)";
				WRAPPER_EXTENSION = xctest;
			};
			name = Debug;
		};
		3C1BE8CC18EA843A0048EA81 /* Release */ = {
			isa = XCBuildConfiguration;
			buildSettings = {
				BUNDLE_LOADER = "$(BUILT_PRODUCTS_DIR)/ZYUIProject.app/ZYUIProject";
				FRAMEWORK_SEARCH_PATHS = (
					"$(SDKROOT)/Developer/Library/Frameworks",
					"$(inherited)",
					"$(DEVELOPER_FRAMEWORKS_DIR)",
				);
				GCC_PRECOMPILE_PREFIX_HEADER = YES;
				GCC_PREFIX_HEADER = "ZYUIProject/ZYUIProject-Prefix.pch";
				INFOPLIST_FILE = "ZYUIProjectTests/ZYUIProjectTests-Info.plist";
				PRODUCT_NAME = "$(TARGET_NAME)";
				TEST_HOST = "$(BUNDLE_LOADER)";
				WRAPPER_EXTENSION = xctest;
			};
			name = Release;
		};
/* End XCBuildConfiguration section */

/* Begin XCConfigurationList section */
		3C1BE89618EA843A0048EA81 /* Build configuration list for PBXProject "ZYUIProject" */ = {
			isa = XCConfigurationList;
			buildConfigurations = (
				3C1BE8C518EA843A0048EA81 /* Debug */,
				3C1BE8C618EA843A0048EA81 /* Release */,
			);
			defaultConfigurationIsVisible = 0;
			defaultConfigurationName = Release;
		};
		3C1BE8C718EA843A0048EA81 /* Build configuration list for PBXNativeTarget "ZYUIProject" */ = {
			isa = XCConfigurationList;
			buildConfigurations = (
				3C1BE8C818EA843A0048EA81 /* Debug */,
				3C1BE8C918EA843A0048EA81 /* Release */,
			);
			defaultConfigurationIsVisible = 0;
		};
		3C1BE8CA18EA843A0048EA81 /* Build configuration list for PBXNativeTarget "ZYUIProjectTests" */ = {
			isa = XCConfigurationList;
			buildConfigurations = (
				3C1BE8CB18EA843A0048EA81 /* Debug */,
				3C1BE8CC18EA843A0048EA81 /* Release */,
			);
			defaultConfigurationIsVisible = 0;
		};
/* End XCConfigurationList section */
	};
	rootObject = 3C1BE89318EA843A0048EA81 /* Project object */;
}
